
Microsoft Visual Studio Solution File, Format Version 12.00
# Visual Studio Version 17
VisualStudioVersion = 17.12.35527.113 d17.12
MinimumVisualStudioVersion = 10.0.40219.1
Project("{FAE04EC0-301F-11D3-BF4B-00C04F79EFBC}") = "AS2425.3G.Prof.Voti", "AS2425.3G.Prof.Voti\AS2425.3G.Prof.Voti.csproj", "{28ED619F-9C25-4D98-A6A9-C1753CD30206}"
EndProject
Global
	GlobalSection(SolutionConfigurationPlatforms) = preSolution
		Debug|Any CPU = Debug|Any CPU
		Release|Any CPU = Release|Any CPU
	EndGlobalSection
	GlobalSection(ProjectConfigurationPlatforms) = postSolution
		{28ED619F-9C25-4D98-A6A9-C1753CD30206}.Debug|Any CPU.ActiveCfg = Debug|Any CPU
		{28ED619F-9C25-4D98-A6A9-C1753CD30206}.Debug|Any CPU.Build.0 = Debug|Any CPU
		{28ED619F-9C25-4D98-A6A9-C1753CD30206}.Release|Any CPU.ActiveCfg = Release|Any CPU
		{28ED619F-9C25-4D98-A6A9-C1753CD30206}.Release|Any CPU.Build.0 = Release|Any CPU
	EndGlobalSection
	GlobalSection(SolutionProperties) = preSolution
		HideSolutionNode = FALSE
	EndGlobalSection
EndGlobal
